{
    "_readme": [
        "This file locks the dependencies of your project to a known state",
        "Read more about it at https://getcomposer.org/doc/01-basic-usage.md#installing-dependencies",
        "This file is @generated automatically"
    ],
    "content-hash": "c0a566df104a5df4c06beca07968d1e7",
    "packages": [
        {
            "name": "brick/math",
            "version": "0.11.0",
            "source": {
                "type": "git",
                "url": "https://github.com/brick/math.git",
                "reference": "0ad82ce168c82ba30d1c01ec86116ab52f589478"
            },
            "dist": {
                "type": "zip",
                "url": "https://api.github.com/repos/brick/math/zipball/0ad82ce168c82ba30d1c01ec86116ab52f589478",
                "reference": "0ad82ce168c82ba30d1c01ec86116ab52f589478",
                "shasum": ""
            },
            "require": {
                "php": "^8.0"
            },
            "require-dev": {
                "php-coveralls/php-coveralls": "^2.2",
                "phpunit/phpunit": "^9.0",
                "vimeo/psalm": "5.0.0"
            },
            "type": "library",
            "autoload": {
                "psr-4": {
                    "Brick\\Math\\": "src/"
                }
            },
            "notification-url": "https://packagist.org/downloads/",
            "license": [
                "MIT"
            ],
            "description": "Arbitrary-precision arithmetic library",
            "keywords": [
                "Arbitrary-precision",
                "BigInteger",
                "BigRational",
                "arithmetic",
                "bigdecimal",
                "bignum",
                "brick",
                "math"
            ],
            "support": {
                "issues": "https://github.com/brick/math/issues",
                "source": "https://github.com/brick/math/tree/0.11.0"
            },
            "funding": [
                {
                    "url": "https://github.com/BenMorel",
                    "type": "github"
                }
            ],
            "time": "2023-01-15T23:15:59+00:00"
        },
        {
            "name": "larapack/dd",
            "version": "1.1",
            "source": {
                "type": "git",
                "url": "https://github.com/larapack/dd.git",
                "reference": "561b5111a13d0094b59b5c81b1572489485fb948"
            },
            "dist": {
                "type": "zip",
                "url": "https://api.github.com/repos/larapack/dd/zipball/561b5111a13d0094b59b5c81b1572489485fb948",
                "reference": "561b5111a13d0094b59b5c81b1572489485fb948",
                "shasum": ""
            },
            "require": {
                "symfony/var-dumper": "*"
            },
            "type": "package",
            "autoload": {
                "files": [
                    "src/helper.php"
                ]
            },
            "notification-url": "https://packagist.org/downloads/",
            "license": [
                "MIT"
            ],
            "authors": [
                {
                    "name": "Mark Topper",
                    "email": "hi@webman.io"
                }
            ],
            "description": "`dd` is a helper method in Laravel. This package will add the `dd` to your application.",
            "support": {
                "issues": "https://github.com/larapack/dd/issues",
                "source": "https://github.com/larapack/dd/tree/master"
            },
            "time": "2016-12-15T09:34:34+00:00"
        },
        {
            "name": "ramsey/collection",
            "version": "2.0.0",
            "source": {
                "type": "git",
                "url": "https://github.com/ramsey/collection.git",
                "reference": "a4b48764bfbb8f3a6a4d1aeb1a35bb5e9ecac4a5"
            },
            "dist": {
                "type": "zip",
                "url": "https://api.github.com/repos/ramsey/collection/zipball/a4b48764bfbb8f3a6a4d1aeb1a35bb5e9ecac4a5",
                "reference": "a4b48764bfbb8f3a6a4d1aeb1a35bb5e9ecac4a5",
                "shasum": ""
            },
            "require": {
                "php": "^8.1"
            },
            "require-dev": {
                "captainhook/plugin-composer": "^5.3",
                "ergebnis/composer-normalize": "^2.28.3",
                "fakerphp/faker": "^1.21",
                "hamcrest/hamcrest-php": "^2.0",
                "jangregor/phpstan-prophecy": "^1.0",
                "mockery/mockery": "^1.5",
                "php-parallel-lint/php-console-highlighter": "^1.0",
                "php-parallel-lint/php-parallel-lint": "^1.3",
                "phpcsstandards/phpcsutils": "^1.0.0-rc1",
                "phpspec/prophecy-phpunit": "^2.0",
                "phpstan/extension-installer": "^1.2",
                "phpstan/phpstan": "^1.9",
                "phpstan/phpstan-mockery": "^1.1",
                "phpstan/phpstan-phpunit": "^1.3",
                "phpunit/phpunit": "^9.5",
                "psalm/plugin-mockery": "^1.1",
                "psalm/plugin-phpunit": "^0.18.4",
                "ramsey/coding-standard": "^2.0.3",
                "ramsey/conventional-commits": "^1.3",
                "vimeo/psalm": "^5.4"
            },
            "type": "library",
            "extra": {
                "captainhook": {
                    "force-install": true
                },
                "ramsey/conventional-commits": {
                    "configFile": "conventional-commits.json"
                }
            },
            "autoload": {
                "psr-4": {
                    "Ramsey\\Collection\\": "src/"
                }
            },
            "notification-url": "https://packagist.org/downloads/",
            "license": [
                "MIT"
            ],
            "authors": [
                {
                    "name": "Ben Ramsey",
                    "email": "ben@benramsey.com",
                    "homepage": "https://benramsey.com"
                }
            ],
            "description": "A PHP library for representing and manipulating collections.",
            "keywords": [
                "array",
                "collection",
                "hash",
                "map",
                "queue",
                "set"
            ],
            "support": {
                "issues": "https://github.com/ramsey/collection/issues",
                "source": "https://github.com/ramsey/collection/tree/2.0.0"
            },
            "funding": [
                {
                    "url": "https://github.com/ramsey",
                    "type": "github"
                },
                {
                    "url": "https://tidelift.com/funding/github/packagist/ramsey/collection",
                    "type": "tidelift"
                }
            ],
            "time": "2022-12-31T21:50:55+00:00"
        },
        {
            "name": "ramsey/uuid",
            "version": "4.7.4",
            "source": {
                "type": "git",
                "url": "https://github.com/ramsey/uuid.git",
                "reference": "60a4c63ab724854332900504274f6150ff26d286"
            },
            "dist": {
                "type": "zip",
                "url": "https://api.github.com/repos/ramsey/uuid/zipball/60a4c63ab724854332900504274f6150ff26d286",
                "reference": "60a4c63ab724854332900504274f6150ff26d286",
                "shasum": ""
            },
            "require": {
                "brick/math": "^0.8.8 || ^0.9 || ^0.10 || ^0.11",
                "ext-json": "*",
                "php": "^8.0",
                "ramsey/collection": "^1.2 || ^2.0"
            },
            "replace": {
                "rhumsaa/uuid": "self.version"
            },
            "require-dev": {
                "captainhook/captainhook": "^5.10",
                "captainhook/plugin-composer": "^5.3",
                "dealerdirect/phpcodesniffer-composer-installer": "^0.7.0",
                "doctrine/annotations": "^1.8",
                "ergebnis/composer-normalize": "^2.15",
                "mockery/mockery": "^1.3",
                "paragonie/random-lib": "^2",
                "php-mock/php-mock": "^2.2",
                "php-mock/php-mock-mockery": "^1.3",
                "php-parallel-lint/php-parallel-lint": "^1.1",
                "phpbench/phpbench": "^1.0",
                "phpstan/extension-installer": "^1.1",
                "phpstan/phpstan": "^1.8",
                "phpstan/phpstan-mockery": "^1.1",
                "phpstan/phpstan-phpunit": "^1.1",
                "phpunit/phpunit": "^8.5 || ^9",
                "ramsey/composer-repl": "^1.4",
                "slevomat/coding-standard": "^8.4",
                "squizlabs/php_codesniffer": "^3.5",
                "vimeo/psalm": "^4.9"
            },
            "suggest": {
                "ext-bcmath": "Enables faster math with arbitrary-precision integers using BCMath.",
                "ext-gmp": "Enables faster math with arbitrary-precision integers using GMP.",
                "ext-uuid": "Enables the use of PeclUuidTimeGenerator and PeclUuidRandomGenerator.",
                "paragonie/random-lib": "Provides RandomLib for use with the RandomLibAdapter",
                "ramsey/uuid-doctrine": "Allows the use of Ramsey\\Uuid\\Uuid as Doctrine field type."
            },
            "type": "library",
            "extra": {
                "captainhook": {
                    "force-install": true
                }
            },
            "autoload": {
                "files": [
                    "src/functions.php"
                ],
                "psr-4": {
                    "Ramsey\\Uuid\\": "src/"
                }
            },
            "notification-url": "https://packagist.org/downloads/",
            "license": [
                "MIT"
            ],
            "description": "A PHP library for generating and working with universally unique identifiers (UUIDs).",
            "keywords": [
                "guid",
                "identifier",
                "uuid"
            ],
            "support": {
                "issues": "https://github.com/ramsey/uuid/issues",
                "source": "https://github.com/ramsey/uuid/tree/4.7.4"
            },
            "funding": [
                {
                    "url": "https://github.com/ramsey",
                    "type": "github"
                },
                {
                    "url": "https://tidelift.com/funding/github/packagist/ramsey/uuid",
                    "type": "tidelift"
                }
            ],
            "time": "2023-04-15T23:01:58+00:00"
        },
        {
            "name": "symfony/deprecation-contracts",
            "version": "v3.3.0",
            "source": {
                "type": "git",
                "url": "https://github.com/symfony/deprecation-contracts.git",
                "reference": "7c3aff79d10325257a001fcf92d991f24fc967cf"
            },
            "dist": {
                "type": "zip",
                "url": "https://api.github.com/repos/symfony/deprecation-contracts/zipball/7c3aff79d10325257a001fcf92d991f24fc967cf",
                "reference": "7c3aff79d10325257a001fcf92d991f24fc967cf",
                "shasum": ""
            },
            "require": {
                "php": ">=8.1"
            },
            "type": "library",
            "extra": {
                "branch-alias": {
                    "dev-main": "3.4-dev"
                },
                "thanks": {
                    "name": "symfony/contracts",
                    "url": "https://github.com/symfony/contracts"
                }
            },
            "autoload": {
                "files": [
                    "function.php"
                ]
            },
            "notification-url": "https://packagist.org/downloads/",
            "license": [
                "MIT"
            ],
            "authors": [
                {
                    "name": "Nicolas Grekas",
                    "email": "p@tchwork.com"
                },
                {
                    "name": "Symfony Community",
                    "homepage": "https://symfony.com/contributors"
                }
            ],
            "description": "A generic function and convention to trigger deprecation notices",
            "homepage": "https://symfony.com",
            "support": {
                "source": "https://github.com/symfony/deprecation-contracts/tree/v3.3.0"
            },
            "funding": [
                {
                    "url": "https://symfony.com/sponsor",
                    "type": "custom"
                },
                {
                    "url": "https://github.com/fabpot",
                    "type": "github"
                },
                {
                    "url": "https://tidelift.com/funding/github/packagist/symfony/symfony",
                    "type": "tidelift"
                }
            ],
            "time": "2023-05-23T14:45:45+00:00"
        },
        {
            "name": "symfony/polyfill-ctype",
            "version": "v1.28.0",
            "source": {
                "type": "git",
                "url": "https://github.com/symfony/polyfill-ctype.git",
                "reference": "ea208ce43cbb04af6867b4fdddb1bdbf84cc28cb"
            },
            "dist": {
                "type": "zip",
                "url": "https://api.github.com/repos/symfony/polyfill-ctype/zipball/ea208ce43cbb04af6867b4fdddb1bdbf84cc28cb",
                "reference": "ea208ce43cbb04af6867b4fdddb1bdbf84cc28cb",
                "shasum": ""
            },
            "require": {
                "php": ">=7.1"
            },
            "provide": {
                "ext-ctype": "*"
            },
            "suggest": {
                "ext-ctype": "For best performance"
            },
            "type": "library",
            "extra": {
                "branch-alias": {
                    "dev-main": "1.28-dev"
                },
                "thanks": {
                    "name": "symfony/polyfill",
                    "url": "https://github.com/symfony/polyfill"
                }
            },
            "autoload": {
                "files": [
                    "bootstrap.php"
                ],
                "psr-4": {
                    "Symfony\\Polyfill\\Ctype\\": ""
                }
            },
            "notification-url": "https://packagist.org/downloads/",
            "license": [
                "MIT"
            ],
            "authors": [
                {
                    "name": "Gert de Pagter",
                    "email": "BackEndTea@gmail.com"
                },
                {
                    "name": "Symfony Community",
                    "homepage": "https://symfony.com/contributors"
                }
            ],
            "description": "Symfony polyfill for ctype functions",
            "homepage": "https://symfony.com",
            "keywords": [
                "compatibility",
                "ctype",
                "polyfill",
                "portable"
            ],
            "support": {
                "source": "https://github.com/symfony/polyfill-ctype/tree/v1.28.0"
            },
            "funding": [
                {
                    "url": "https://symfony.com/sponsor",
                    "type": "custom"
                },
                {
                    "url": "https://github.com/fabpot",
                    "type": "github"
                },
                {
                    "url": "https://tidelift.com/funding/github/packagist/symfony/symfony",
                    "type": "tidelift"
                }
            ],
            "time": "2023-01-26T09:26:14+00:00"
        },
        {
            "name": "symfony/polyfill-intl-grapheme",
            "version": "v1.28.0",
            "source": {
                "type": "git",
                "url": "https://github.com/symfony/polyfill-intl-grapheme.git",
                "reference": "875e90aeea2777b6f135677f618529449334a612"
            },
            "dist": {
                "type": "zip",
                "url": "https://api.github.com/repos/symfony/polyfill-intl-grapheme/zipball/875e90aeea2777b6f135677f618529449334a612",
                "reference": "875e90aeea2777b6f135677f618529449334a612",
                "shasum": ""
            },
            "require": {
                "php": ">=7.1"
            },
            "suggest": {
                "ext-intl": "For best performance"
            },
            "type": "library",
            "extra": {
                "branch-alias": {
                    "dev-main": "1.28-dev"
                },
                "thanks": {
                    "name": "symfony/polyfill",
                    "url": "https://github.com/symfony/polyfill"
                }
            },
            "autoload": {
                "files": [
                    "bootstrap.php"
                ],
                "psr-4": {
                    "Symfony\\Polyfill\\Intl\\Grapheme\\": ""
                }
            },
            "notification-url": "https://packagist.org/downloads/",
            "license": [
                "MIT"
            ],
            "authors": [
                {
                    "name": "Nicolas Grekas",
                    "email": "p@tchwork.com"
                },
                {
                    "name": "Symfony Community",
                    "homepage": "https://symfony.com/contributors"
                }
            ],
            "description": "Symfony polyfill for intl's grapheme_* functions",
            "homepage": "https://symfony.com",
            "keywords": [
                "compatibility",
                "grapheme",
                "intl",
                "polyfill",
                "portable",
                "shim"
            ],
            "support": {
                "source": "https://github.com/symfony/polyfill-intl-grapheme/tree/v1.28.0"
            },
            "funding": [
                {
                    "url": "https://symfony.com/sponsor",
                    "type": "custom"
                },
                {
                    "url": "https://github.com/fabpot",
                    "type": "github"
                },
                {
                    "url": "https://tidelift.com/funding/github/packagist/symfony/symfony",
                    "type": "tidelift"
                }
            ],
            "time": "2023-01-26T09:26:14+00:00"
        },
        {
            "name": "symfony/polyfill-intl-normalizer",
            "version": "v1.28.0",
            "source": {
                "type": "git",
                "url": "https://github.com/symfony/polyfill-intl-normalizer.git",
                "reference": "8c4ad05dd0120b6a53c1ca374dca2ad0a1c4ed92"
            },
            "dist": {
                "type": "zip",
                "url": "https://api.github.com/repos/symfony/polyfill-intl-normalizer/zipball/8c4ad05dd0120b6a53c1ca374dca2ad0a1c4ed92",
                "reference": "8c4ad05dd0120b6a53c1ca374dca2ad0a1c4ed92",
                "shasum": ""
            },
            "require": {
                "php": ">=7.1"
            },
            "suggest": {
                "ext-intl": "For best performance"
            },
            "type": "library",
            "extra": {
                "branch-alias": {
                    "dev-main": "1.28-dev"
                },
                "thanks": {
                    "name": "symfony/polyfill",
                    "url": "https://github.com/symfony/polyfill"
                }
            },
            "autoload": {
                "files": [
                    "bootstrap.php"
                ],
                "psr-4": {
                    "Symfony\\Polyfill\\Intl\\Normalizer\\": ""
                },
                "classmap": [
                    "Resources/stubs"
                ]
            },
            "notification-url": "https://packagist.org/downloads/",
            "license": [
                "MIT"
            ],
            "authors": [
                {
                    "name": "Nicolas Grekas",
                    "email": "p@tchwork.com"
                },
                {
                    "name": "Symfony Community",
                    "homepage": "https://symfony.com/contributors"
                }
            ],
            "description": "Symfony polyfill for intl's Normalizer class and related functions",
            "homepage": "https://symfony.com",
            "keywords": [
                "compatibility",
                "intl",
                "normalizer",
                "polyfill",
                "portable",
                "shim"
            ],
            "support": {
                "source": "https://github.com/symfony/polyfill-intl-normalizer/tree/v1.28.0"
            },
            "funding": [
                {
                    "url": "https://symfony.com/sponsor",
                    "type": "custom"
                },
                {
                    "url": "https://github.com/fabpot",
                    "type": "github"
                },
                {
                    "url": "https://tidelift.com/funding/github/packagist/symfony/symfony",
                    "type": "tidelift"
                }
            ],
            "time": "2023-01-26T09:26:14+00:00"
        },
        {
            "name": "symfony/polyfill-mbstring",
            "version": "v1.28.0",
            "source": {
                "type": "git",
                "url": "https://github.com/symfony/polyfill-mbstring.git",
                "reference": "42292d99c55abe617799667f454222c54c60e229"
            },
            "dist": {
                "type": "zip",
                "url": "https://api.github.com/repos/symfony/polyfill-mbstring/zipball/42292d99c55abe617799667f454222c54c60e229",
                "reference": "42292d99c55abe617799667f454222c54c60e229",
                "shasum": ""
            },
            "require": {
                "php": ">=7.1"
            },
            "provide": {
                "ext-mbstring": "*"
            },
            "suggest": {
                "ext-mbstring": "For best performance"
            },
            "type": "library",
            "extra": {
                "branch-alias": {
                    "dev-main": "1.28-dev"
                },
                "thanks": {
                    "name": "symfony/polyfill",
                    "url": "https://github.com/symfony/polyfill"
                }
            },
            "autoload": {
                "files": [
                    "bootstrap.php"
                ],
                "psr-4": {
                    "Symfony\\Polyfill\\Mbstring\\": ""
                }
            },
            "notification-url": "https://packagist.org/downloads/",
            "license": [
                "MIT"
            ],
            "authors": [
                {
                    "name": "Nicolas Grekas",
                    "email": "p@tchwork.com"
                },
                {
                    "name": "Symfony Community",
                    "homepage": "https://symfony.com/contributors"
                }
            ],
            "description": "Symfony polyfill for the Mbstring extension",
            "homepage": "https://symfony.com",
            "keywords": [
                "compatibility",
                "mbstring",
                "polyfill",
                "portable",
                "shim"
            ],
            "support": {
                "source": "https://github.com/symfony/polyfill-mbstring/tree/v1.28.0"
            },
            "funding": [
                {
                    "url": "https://symfony.com/sponsor",
                    "type": "custom"
                },
                {
                    "url": "https://github.com/fabpot",
                    "type": "github"
                },
                {
                    "url": "https://tidelift.com/funding/github/packagist/symfony/symfony",
                    "type": "tidelift"
                }
            ],
            "time": "2023-07-28T09:04:16+00:00"
        },
        {
            "name": "symfony/property-access",
            "version": "v6.3.2",
            "source": {
                "type": "git",
                "url": "https://github.com/symfony/property-access.git",
                "reference": "2dc4f9da444b8f8ff592e95d570caad67924f1d0"
            },
            "dist": {
                "type": "zip",
                "url": "https://api.github.com/repos/symfony/property-access/zipball/2dc4f9da444b8f8ff592e95d570caad67924f1d0",
                "reference": "2dc4f9da444b8f8ff592e95d570caad67924f1d0",
                "shasum": ""
            },
            "require": {
                "php": ">=8.1",
                "symfony/deprecation-contracts": "^2.5|^3",
                "symfony/property-info": "^5.4|^6.0"
            },
            "require-dev": {
                "symfony/cache": "^5.4|^6.0"
            },
            "type": "library",
            "autoload": {
                "psr-4": {
                    "Symfony\\Component\\PropertyAccess\\": ""
                },
                "exclude-from-classmap": [
                    "/Tests/"
                ]
            },
            "notification-url": "https://packagist.org/downloads/",
            "license": [
                "MIT"
            ],
            "authors": [
                {
                    "name": "Fabien Potencier",
                    "email": "fabien@symfony.com"
                },
                {
                    "name": "Symfony Community",
                    "homepage": "https://symfony.com/contributors"
                }
            ],
            "description": "Provides functions to read and write from/to an object or array using a simple string notation",
            "homepage": "https://symfony.com",
            "keywords": [
                "access",
                "array",
                "extraction",
                "index",
                "injection",
                "object",
                "property",
                "property-path",
                "reflection"
            ],
            "support": {
                "source": "https://github.com/symfony/property-access/tree/v6.3.2"
            },
            "funding": [
                {
                    "url": "https://symfony.com/sponsor",
                    "type": "custom"
                },
                {
                    "url": "https://github.com/fabpot",
                    "type": "github"
                },
                {
                    "url": "https://tidelift.com/funding/github/packagist/symfony/symfony",
                    "type": "tidelift"
                }
            ],
            "time": "2023-07-13T15:26:11+00:00"
        },
        {
            "name": "symfony/property-info",
            "version": "v6.3.0",
            "source": {
                "type": "git",
                "url": "https://github.com/symfony/property-info.git",
                "reference": "7f3a03716112269741fe2a809f8f791a371d1fcd"
            },
            "dist": {
                "type": "zip",
                "url": "https://api.github.com/repos/symfony/property-info/zipball/7f3a03716112269741fe2a809f8f791a371d1fcd",
                "reference": "7f3a03716112269741fe2a809f8f791a371d1fcd",
                "shasum": ""
            },
            "require": {
                "php": ">=8.1",
                "symfony/string": "^5.4|^6.0"
            },
            "conflict": {
                "phpdocumentor/reflection-docblock": "<5.2",
                "phpdocumentor/type-resolver": "<1.5.1",
                "symfony/dependency-injection": "<5.4"
            },
            "require-dev": {
                "doctrine/annotations": "^1.10.4|^2",
                "phpdocumentor/reflection-docblock": "^5.2",
                "phpstan/phpdoc-parser": "^1.0",
                "symfony/cache": "^5.4|^6.0",
                "symfony/dependency-injection": "^5.4|^6.0",
                "symfony/serializer": "^5.4|^6.0"
            },
            "type": "library",
            "autoload": {
                "psr-4": {
                    "Symfony\\Component\\PropertyInfo\\": ""
                },
                "exclude-from-classmap": [
                    "/Tests/"
                ]
            },
            "notification-url": "https://packagist.org/downloads/",
            "license": [
                "MIT"
            ],
            "authors": [
                {
                    "name": "Kévin Dunglas",
                    "email": "dunglas@gmail.com"
                },
                {
                    "name": "Symfony Community",
                    "homepage": "https://symfony.com/contributors"
                }
            ],
            "description": "Extracts information about PHP class' properties using metadata of popular sources",
            "homepage": "https://symfony.com",
            "keywords": [
                "doctrine",
                "phpdoc",
                "property",
                "symfony",
                "type",
                "validator"
            ],
            "support": {
                "source": "https://github.com/symfony/property-info/tree/v6.3.0"
            },
            "funding": [
                {
                    "url": "https://symfony.com/sponsor",
                    "type": "custom"
                },
                {
                    "url": "https://github.com/fabpot",
                    "type": "github"
                },
                {
                    "url": "https://tidelift.com/funding/github/packagist/symfony/symfony",
                    "type": "tidelift"
                }
            ],
            "time": "2023-05-19T08:06:44+00:00"
        },
        {
            "name": "symfony/serializer",
            "version": "v6.3.7",
            "source": {
                "type": "git",
                "url": "https://github.com/symfony/serializer.git",
                "reference": "641472dd3d6dc3c4d0fdd1496ebd1b55c72e43d9"
            },
            "dist": {
                "type": "zip",
                "url": "https://api.github.com/repos/symfony/serializer/zipball/641472dd3d6dc3c4d0fdd1496ebd1b55c72e43d9",
                "reference": "641472dd3d6dc3c4d0fdd1496ebd1b55c72e43d9",
                "shasum": ""
            },
            "require": {
                "php": ">=8.1",
                "symfony/deprecation-contracts": "^2.5|^3",
                "symfony/polyfill-ctype": "~1.8"
            },
            "conflict": {
                "doctrine/annotations": "<1.12",
                "phpdocumentor/reflection-docblock": "<3.2.2",
                "phpdocumentor/type-resolver": "<1.4.0",
                "symfony/dependency-injection": "<5.4",
                "symfony/property-access": "<5.4",
                "symfony/property-info": "<5.4.24|>=6,<6.2.11",
                "symfony/uid": "<5.4",
                "symfony/yaml": "<5.4"
            },
            "require-dev": {
                "doctrine/annotations": "^1.12|^2",
                "phpdocumentor/reflection-docblock": "^3.2|^4.0|^5.0",
                "symfony/cache": "^5.4|^6.0",
                "symfony/config": "^5.4|^6.0",
                "symfony/console": "^5.4|^6.0",
                "symfony/dependency-injection": "^5.4|^6.0",
                "symfony/error-handler": "^5.4|^6.0",
                "symfony/filesystem": "^5.4|^6.0",
                "symfony/form": "^5.4|^6.0",
                "symfony/http-foundation": "^5.4|^6.0",
                "symfony/http-kernel": "^5.4|^6.0",
                "symfony/mime": "^5.4|^6.0",
                "symfony/property-access": "^5.4|^6.0",
                "symfony/property-info": "^5.4.24|^6.2.11",
                "symfony/uid": "^5.4|^6.0",
                "symfony/validator": "^5.4|^6.0",
                "symfony/var-dumper": "^5.4|^6.0",
                "symfony/var-exporter": "^5.4|^6.0",
                "symfony/yaml": "^5.4|^6.0"
            },
            "type": "library",
            "autoload": {
                "psr-4": {
                    "Symfony\\Component\\Serializer\\": ""
                },
                "exclude-from-classmap": [
                    "/Tests/"
                ]
            },
            "notification-url": "https://packagist.org/downloads/",
            "license": [
                "MIT"
            ],
            "authors": [
                {
                    "name": "Fabien Potencier",
                    "email": "fabien@symfony.com"
                },
                {
                    "name": "Symfony Community",
                    "homepage": "https://symfony.com/contributors"
                }
            ],
            "description": "Handles serializing and deserializing data structures, including object graphs, into array structures or other formats like XML and JSON.",
            "homepage": "https://symfony.com",
            "support": {
                "source": "https://github.com/symfony/serializer/tree/v6.3.7"
            },
            "funding": [
                {
                    "url": "https://symfony.com/sponsor",
                    "type": "custom"
                },
                {
                    "url": "https://github.com/fabpot",
                    "type": "github"
                },
                {
                    "url": "https://tidelift.com/funding/github/packagist/symfony/symfony",
                    "type": "tidelift"
                }
            ],
            "time": "2023-10-26T18:15:14+00:00"
        },
        {
            "name": "symfony/string",
            "version": "v6.3.5",
            "source": {
                "type": "git",
                "url": "https://github.com/symfony/string.git",
                "reference": "13d76d0fb049051ed12a04bef4f9de8715bea339"
            },
            "dist": {
                "type": "zip",
                "url": "https://api.github.com/repos/symfony/string/zipball/13d76d0fb049051ed12a04bef4f9de8715bea339",
                "reference": "13d76d0fb049051ed12a04bef4f9de8715bea339",
                "shasum": ""
            },
            "require": {
                "php": ">=8.1",
                "symfony/polyfill-ctype": "~1.8",
                "symfony/polyfill-intl-grapheme": "~1.0",
                "symfony/polyfill-intl-normalizer": "~1.0",
                "symfony/polyfill-mbstring": "~1.0"
            },
            "conflict": {
                "symfony/translation-contracts": "<2.5"
            },
            "require-dev": {
                "symfony/error-handler": "^5.4|^6.0",
                "symfony/http-client": "^5.4|^6.0",
                "symfony/intl": "^6.2",
                "symfony/translation-contracts": "^2.5|^3.0",
                "symfony/var-exporter": "^5.4|^6.0"
            },
            "type": "library",
            "autoload": {
                "files": [
                    "Resources/functions.php"
                ],
                "psr-4": {
                    "Symfony\\Component\\String\\": ""
                },
                "exclude-from-classmap": [
                    "/Tests/"
                ]
            },
            "notification-url": "https://packagist.org/downloads/",
            "license": [
                "MIT"
            ],
            "authors": [
                {
                    "name": "Nicolas Grekas",
                    "email": "p@tchwork.com"
                },
                {
                    "name": "Symfony Community",
                    "homepage": "https://symfony.com/contributors"
                }
            ],
            "description": "Provides an object-oriented API to strings and deals with bytes, UTF-8 code points and grapheme clusters in a unified way",
            "homepage": "https://symfony.com",
            "keywords": [
                "grapheme",
                "i18n",
                "string",
                "unicode",
                "utf-8",
                "utf8"
            ],
            "support": {
                "source": "https://github.com/symfony/string/tree/v6.3.5"
            },
            "funding": [
                {
                    "url": "https://symfony.com/sponsor",
                    "type": "custom"
                },
                {
                    "url": "https://github.com/fabpot",
                    "type": "github"
                },
                {
                    "url": "https://tidelift.com/funding/github/packagist/symfony/symfony",
                    "type": "tidelift"
                }
            ],
            "time": "2023-09-18T10:38:32+00:00"
        },
        {
            "name": "symfony/var-dumper",
            "version": "v6.3.6",
            "source": {
                "type": "git",
                "url": "https://github.com/symfony/var-dumper.git",
                "reference": "999ede244507c32b8e43aebaa10e9fce20de7c97"
            },
            "dist": {
                "type": "zip",
                "url": "https://api.github.com/repos/symfony/var-dumper/zipball/999ede244507c32b8e43aebaa10e9fce20de7c97",
                "reference": "999ede244507c32b8e43aebaa10e9fce20de7c97",
                "shasum": ""
            },
            "require": {
                "php": ">=8.1",
                "symfony/deprecation-contracts": "^2.5|^3",
                "symfony/polyfill-mbstring": "~1.0"
            },
            "conflict": {
                "symfony/console": "<5.4"
            },
            "require-dev": {
                "ext-iconv": "*",
                "symfony/console": "^5.4|^6.0",
                "symfony/http-kernel": "^5.4|^6.0",
                "symfony/process": "^5.4|^6.0",
                "symfony/uid": "^5.4|^6.0",
                "twig/twig": "^2.13|^3.0.4"
            },
            "bin": [
                "Resources/bin/var-dump-server"
            ],
            "type": "library",
            "autoload": {
                "files": [
                    "Resources/functions/dump.php"
                ],
                "psr-4": {
                    "Symfony\\Component\\VarDumper\\": ""
                },
                "exclude-from-classmap": [
                    "/Tests/"
                ]
            },
            "notification-url": "https://packagist.org/downloads/",
            "license": [
                "MIT"
            ],
            "authors": [
                {
                    "name": "Nicolas Grekas",
                    "email": "p@tchwork.com"
                },
                {
                    "name": "Symfony Community",
                    "homepage": "https://symfony.com/contributors"
                }
            ],
            "description": "Provides mechanisms for walking through any arbitrary PHP variable",
            "homepage": "https://symfony.com",
            "keywords": [
                "debug",
                "dump"
            ],
            "support": {
                "source": "https://github.com/symfony/var-dumper/tree/v6.3.6"
            },
            "funding": [
                {
                    "url": "https://symfony.com/sponsor",
                    "type": "custom"
                },
                {
                    "url": "https://github.com/fabpot",
                    "type": "github"
                },
                {
                    "url": "https://tidelift.com/funding/github/packagist/symfony/symfony",
                    "type": "tidelift"
                }
            ],
            "time": "2023-10-12T18:45:56+00:00"
        }
    ],
    "packages-dev": [],
    "aliases": [],
    "minimum-stability": "stable",
    "stability-flags": [],
    "prefer-stable": false,
    "prefer-lowest": false,
    "platform": [],
    "platform-dev": [],
    "plugin-api-version": "2.3.0"
}
